// !$*UTF8*$!
{
	archiveVersion = 1;
	classes = {
	};
	objectVersion = 50;
	objects = {

/* Begin PBXBuildFile section */
		3621772C22B26EAE0047FF5B /* AppDelegate.swift in Sources */ = {isa = PBXBuildFile; fileRef = 3621772B22B26EAE0047FF5B /* AppDelegate.swift */; };
		3621772E22B26EAE0047FF5B /* ViewController.swift in Sources */ = {isa = PBXBuildFile; fileRef = 3621772D22B26EAE0047FF5B /* ViewController.swift */; };
		3621773122B26EAE0047FF5B /* Main.storyboard in Resources */ = {isa = PBXBuildFile; fileRef = 3621772F22B26EAE0047FF5B /* Main.storyboard */; };
		3621773322B26EAF0047FF5B /* Assets.xcassets in Resources */ = {isa = PBXBuildFile; fileRef = 3621773222B26EAF0047FF5B /* Assets.xcassets */; };
		3621773622B26EAF0047FF5B /* LaunchScreen.storyboard in Resources */ = {isa = PBXBuildFile; fileRef = 3621773422B26EAF0047FF5B /* LaunchScreen.storyboard */; };
		4E8438C4B61CF6BD31956B15 /* Pods_buttonSegmented.framework in Frameworks */ = {isa = PBXBuildFile; fileRef = 2C3F959D1F22C6789CB15D67 /* Pods_buttonSegmented.framework */; };
/* End PBXBuildFile section */

/* Begin PBXFileReference section */
		2C3F959D1F22C6789CB15D67 /* Pods_buttonSegmented.framework */ = {isa = PBXFileReference; explicitFileType = wrapper.framework; includeInIndex = 0; path = Pods_buttonSegmented.framework; sourceTree = BUILT_PRODUCTS_DIR; };
		3621772822B26EAE0047FF5B /* buttonSegmented.app */ = {isa = PBXFileReference; explicitFileType = wrapper.application; includeInIndex = 0; path = buttonSegmented.app; sourceTree = BUILT_PRODUCTS_DIR; };
		3621772B22B26EAE0047FF5B /* AppDelegate.swift */ = {isa = PBXFileReference; lastKnownFileType = sourcecode.swift; path = AppDelegate.swift; sourceTree = "<group>"; };
		3621772D22B26EAE0047FF5B /* ViewController.swift */ = {isa = PBXFileReference; lastKnownFileType = sourcecode.swift; path = ViewController.swift; sourceTree = "<group>"; };
		3621773022B26EAE0047FF5B /* Base */ = {isa = PBXFileReference; lastKnownFileType = file.storyboard; name = Base; path = Base.lproj/Main.storyboard; sourceTree = "<group>"; };
		3621773222B26EAF0047FF5B /* Assets.xcassets */ = {isa = PBXFileReference; lastKnownFileType = folder.assetcatalog; path = Assets.xcassets; sourceTree = "<group>"; };
		3621773522B26EAF0047FF5B /* Base */ = {isa = PBXFileReference; lastKnownFileType = file.storyboard; name = Base; path = Base.lproj/LaunchScreen.storyboard; sourceTree = "<group>"; };
		3621773722B26EAF0047FF5B /* Info.plist */ = {isa = PBXFileReference; lastKnownFileType = text.plist.xml; path = Info.plist; sourceTree = "<group>"; };
		72B3D13DFADFAD0E147E04BA /* Pods-buttonSegmented.release.xcconfig */ = {isa = PBXFileReference; includeInIndex = 1; lastKnownFileType = text.xcconfig; name = "Pods-buttonSegmented.release.xcconfig"; path = "Target Support Files/Pods-buttonSegmented/Pods-buttonSegmented.release.xcconfig"; sourceTree = "<group>"; };
		CB6B6620EA0293EBDFD5D036 /* Pods-buttonSegmented.debug.xcconfig */ = {isa = PBXFileReference; includeInIndex = 1; lastKnownFileType = text.xcconfig; name = "Pods-buttonSegmented.debug.xcconfig"; path = "Target Support Files/Pods-buttonSegmented/Pods-buttonSegmented.debug.xcconfig"; sourceTree = "<group>"; };
/* End PBXFileReference section */

/* Begin PBXFrameworksBuildPhase section */
		3621772522B26EAE0047FF5B /* Frameworks */ = {
			isa = PBXFrameworksBuildPhase;
			buildActionMask = 2147483647;
			files = (
				4E8438C4B61CF6BD31956B15 /* Pods_buttonSegmented.framework in Frameworks */,
			);
			runOnlyForDeploymentPostprocessing = 0;
		};
/* End PBXFrameworksBuildPhase section */

/* Begin PBXGroup section */
		3621771F22B26EAE0047FF5B = {
			isa = PBXGroup;
			children = (
				3621772A22B26EAE0047FF5B /* buttonSegmented */,
				3621772922B26EAE0047FF5B /* Products */,
				5691AF88808010571D1719BD /* Pods */,
				F78A7848907169120836AA46 /* Frameworks */,
			);
			sourceTree = "<group>";
		};
		3621772922B26EAE0047FF5B /* Products */ = {
			isa = PBXGroup;
			children = (
				3621772822B26EAE0047FF5B /* buttonSegmented.app */,
			);
			name = Products;
			sourceTree = "<group>";
		};
		3621772A22B26EAE0047FF5B /* buttonSegmented */ = {
			isa = PBXGroup;
			children = (
				3621772B22B26EAE0047FF5B /* AppDelegate.swift */,
				3621772D22B26EAE0047FF5B /* ViewController.swift */,
				3621772F22B26EAE0047FF5B /* Main.storyboard */,
				3621773222B26EAF0047FF5B /* Assets.xcassets */,
				3621773422B26EAF0047FF5B /* LaunchScreen.storyboard */,
				3621773722B26EAF0047FF5B /* Info.plist */,
			);
			path = buttonSegmented;
			sourceTree = "<group>";
		};
		5691AF88808010571D1719BD /* Pods */ = {
			isa = PBXGroup;
			children = (
				CB6B6620EA0293EBDFD5D036 /* Pods-buttonSegmented.debug.xcconfig */,
				72B3D13DFADFAD0E147E04BA /* Pods-buttonSegmented.release.xcconfig */,
			);
			path = Pods;
			sourceTree = "<group>";
		};
		F78A7848907169120836AA46 /* Frameworks */ = {
			isa = PBXGroup;
			children = (
				2C3F959D1F22C6789CB15D67 /* Pods_buttonSegmented.framework */,
			);
			name = Frameworks;
			sourceTree = "<group>";
		};
/* End PBXGroup section */

/* Begin PBXNativeTarget section */
		3621772722B26EAE0047FF5B /* buttonSegmented */ = {
			isa = PBXNativeTarget;
			buildConfigurationList = 3621773A22B26EAF0047FF5B /* Build configuration list for PBXNativeTarget "buttonSegmented" */;
			buildPhases = (
				DB53920C7CDA40614C1C8554 /* [CP] Check Pods Manifest.lock */,
				3621772422B26EAE0047FF5B /* Sources */,
				3621772522B26EAE0047FF5B /* Frameworks */,
				3621772622B26EAE0047FF5B /* Resources */,
				9E3827BFDC306328D5B7057D /* [CP] Embed Pods Frameworks */,
			);
			buildRules = (
			);
			dependencies = (
			);
			name = buttonSegmented;
			productName = buttonSegmented;
			productReference = 3621772822B26EAE0047FF5B /* buttonSegmented.app */;
			productType = "com.apple.product-type.application";
		};
/* End PBXNativeTarget section */

/* Begin PBXProject section */
		3621772022B26EAE0047FF5B /* Project object */ = {
			isa = PBXProject;
			attributes = {
				LastSwiftUpdateCheck = 1020;
				LastUpgradeCheck = 1020;
				ORGANIZATIONNAME = "Taha Sönmez";
				TargetAttributes = {
					3621772722B26EAE0047FF5B = {
						CreatedOnToolsVersion = 10.2.1;
					};
				};
			};
			buildConfigurationList = 3621772322B26EAE0047FF5B /* Build configuration list for PBXProject "buttonSegmented" */;
			compatibilityVersion = "Xcode 9.3";
			developmentRegion = en;
			hasScannedForEncodings = 0;
			knownRegions = (
				en,
				Base,
			);
			mainGroup = 3621771F22B26EAE0047FF5B;
			productRefGroup = 3621772922B26EAE0047FF5B /* Products */;
			projectDirPath = "";
			projectRoot = "";
			targets = (
				3621772722B26EAE0047FF5B /* buttonSegmented */,
			);
		};
/* End PBXProject section */

/* Begin PBXResourcesBuildPhase section */
		3621772622B26EAE0047FF5B /* Resources */ = {
			isa = PBXResourcesBuildPhase;
			buildActionMask = 2147483647;
			files = (
				3621773622B26EAF0047FF5B /* LaunchScreen.storyboard in Resources */,
				3621773322B26EAF0047FF5B /* Assets.xcassets in Resources */,
				3621773122B26EAE0047FF5B /* Main.storyboard in Resources */,
			);
			runOnlyForDeploymentPostprocessing = 0;
		};
/* End PBXResourcesBuildPhase section */

/* Begin PBXShellScriptBuildPhase section */
		9E3827BFDC306328D5B7057D /* [CP] Embed Pods Frameworks */ = {
			isa = PBXShellScriptBuildPhase;
			buildActionMask = 2147483647;
			files = (
			);
			inputFileListPaths = (
			);
			inputPaths = (
				"${PODS_ROOT}/Target Support Files/Pods-buttonSegmented/Pods-buttonSegmented-frameworks.sh",
				"${BUILT_PRODUCTS_DIR}/SnapKit/SnapKit.framework",
			);
			name = "[CP] Embed Pods Frameworks";
			outputFileListPaths = (
			);
			outputPaths = (
				"${TARGET_BUILD_DIR}/${FRAMEWORKS_FOLDER_PATH}/SnapKit.framework",
			);
			runOnlyForDeploymentPostprocessing = 0;
			shellPath = /bin/sh;
			shellScript = "\"${PODS_ROOT}/Target Support Files/Pods-buttonSegmented/Pods-buttonSegmented-frameworks.sh\"\n";
			showEnvVarsInLog = 0;
		};
		DB53920C7CDA40614C1C8554 /* [CP] Check Pods Manifest.lock */ = {
			isa = PBXShellScriptBuildPhase;
			buildActionMask = 2147483647;
			files = (
			);
			inputFileListPaths = (
			);
			inputPaths = (
				"${PODS_PODFILE_DIR_PATH}/Podfile.lock",
				"${PODS_ROOT}/Manifest.lock",
			);
			name = "[CP] Check Pods Manifest.lock";
			outputFileListPaths = (
			);
			outputPaths = (
				"$(DERIVED_FILE_DIR)/Pods-buttonSegmented-checkManifestLockResult.txt",
			);
			runOnlyForDeploymentPostprocessing = 0;
			shellPath = /bin/sh;
			shellScript = "diff \"${PODS_PODFILE_DIR_PATH}/Podfile.lock\" \"${PODS_ROOT}/Manifest.lock\" > /dev/null\nif [ $? != 0 ] ; then\n    # print error to STDERR\n    echo \"error: The sandbox is not in sync with the Podfile.lock. Run 'pod install' or update your CocoaPods installation.\" >&2\n    exit 1\nfi\n# This output is used by Xcode 'outputs' to avoid re-running this script phase.\necho \"SUCCESS\" > \"${SCRIPT_OUTPUT_FILE_0}\"\n";
			showEnvVarsInLog = 0;
		};
/* End PBXShellScriptBuildPhase section */

/* Begin PBXSourcesBuildPhase section */
		3621772422B26EAE0047FF5B /* Sources */ = {
			isa = PBXSourcesBuildPhase;
			buildActionMask = 2147483647;
			files = (
				3621772E22B26EAE0047FF5B /* ViewController.swift in Sources */,
				3621772C22B26EAE0047FF5B /* AppDelegate.swift in Sources */,
			);
			runOnlyForDeploymentPostprocessing = 0;
		};
/* End PBXSourcesBuildPhase section */

/* Begin PBXVariantGroup section */
		3621772F22B26EAE0047FF5B /* Main.storyboard */ = {
			isa = PBXVariantGroup;
			children = (
				3621773022B26EAE0047FF5B /* Base */,
			);
			name = Main.storyboard;
			sourceTree = "<group>";
		};
		3621773422B26EAF0047FF5B /* LaunchScreen.storyboard */ = {
			isa = PBXVariantGroup;
			children = (
				3621773522B26EAF0047FF5B /* Base */,
			);
			name = LaunchScreen.storyboard;
			sourceTree = "<group>";
		};
/* End PBXVariantGroup section */

/* Begin XCBuildConfiguration section */
		3621773822B26EAF0047FF5B /* Debug */ = {
			isa = XCBuildConfiguration;
			buildSettings = {
				ALWAYS_SEARCH_USER_PATHS = NO;
				CLANG_ANALYZER_NONNULL = YES;
				CLANG_ANALYZER_NUMBER_OBJECT_CONVERSION = YES_AGGRESSIVE;
				CLANG_CXX_LANGUAGE_STANDARD = "gnu++14";
				CLANG_CXX_LIBRARY = "libc++";
				CLANG_ENABLE_MODULES = YES;
				CLANG_ENABLE_OBJC_ARC = YES;
				CLANG_ENABLE_OBJC_WEAK = YES;
				CLANG_WARN_BLOCK_CAPTURE_AUTORELEASING = YES;
				CLANG_WARN_BOOL_CONVERSION = YES;
				CLANG_WARN_COMMA = YES;
				CLANG_WARN_CONSTANT_CONVERSION = YES;
				CLANG_WARN_DEPRECATED_OBJC_IMPLEMENTATIONS = YES;
				CLANG_WARN_DIRECT_OBJC_ISA_USAGE = YES_ERROR;
				CLANG_WARN_DOCUMENTATION_COMMENTS = YES;
				CLANG_WARN_EMPTY_BODY = YES;
				CLANG_WARN_ENUM_CONVERSION = YES;
				CLANG_WARN_INFINITE_RECURSION = YES;
				CLANG_WARN_INT_CONVERSION = YES;
				CLANG_WARN_NON_LITERAL_NULL_CONVERSION = YES;
				CLANG_WARN_OBJC_IMPLICIT_RETAIN_SELF = YES;
				CLANG_WARN_OBJC_LITERAL_CONVERSION = YES;
				CLANG_WARN_OBJC_ROOT_CLASS = YES_ERROR;
				CLANG_WARN_RANGE_LOOP_ANALYSIS = YES;
				CLANG_WARN_STRICT_PROTOTYPES = YES;
				CLANG_WARN_SUSPICIOUS_MOVE = YES;
				CLANG_WARN_UNGUARDED_AVAILABILITY = YES_AGGRESSIVE;
				CLANG_WARN_UNREACHABLE_CODE = YES;
				CLANG_WARN__DUPLICATE_METHOD_MATCH = YES;
				CODE_SIGN_IDENTITY = "iPhone Developer";
				COPY_PHASE_STRIP = NO;
				DEBUG_INFORMATION_FORMAT = dwarf;
				ENABLE_STRICT_OBJC_MSGSEND = YES;
				ENABLE_TESTABILITY = YES;
				GCC_C_LANGUAGE_STANDARD = gnu11;
				GCC_DYNAMIC_NO_PIC = NO;
				GCC_NO_COMMON_BLOCKS = YES;
				GCC_OPTIMIZATION_LEVEL = 0;
				GCC_PREPROCESSOR_DEFINITIONS = (
					"DEBUG=1",
					"$(inherited)",
				);
				GCC_WARN_64_TO_32_BIT_CONVERSION = YES;
				GCC_WARN_ABOUT_RETURN_TYPE = YES_ERROR;
				GCC_WARN_UNDECLARED_SELECTOR = YES;
				GCC_WARN_UNINITIALIZED_AUTOS = YES_AGGRESSIVE;
				GCC_WARN_UNUSED_FUNCTION = YES;
				GCC_WARN_UNUSED_VARIABLE = YES;
				IPHONEOS_DEPLOYMENT_TARGET = 11.0;
				MTL_ENABLE_DEBUG_INFO = INCLUDE_SOURCE;
				MTL_FAST_MATH = YES;
				ONLY_ACTIVE_ARCH = YES;
				SDKROOT = iphoneos;
				SWIFT_ACTIVE_COMPILATION_CONDITIONS = DEBUG;
				SWIFT_OPTIMIZATION_LEVEL = "-Onone";
			};
			name = Debug;
		};
		3621773922B26EAF0047FF5B /* Release */ = {
			isa = XCBuildConfiguration;
			buildSettings = {
				ALWAYS_SEARCH_USER_PATHS = NO;
				CLANG_ANALYZER_NONNULL = YES;
				CLANG_ANALYZER_NUMBER_OBJECT_CONVERSION = YES_AGGRESSIVE;
				CLANG_CXX_LANGUAGE_STANDARD = "gnu++14";
				CLANG_CXX_LIBRARY = "libc++";
				CLANG_ENABLE_MODULES = YES;
				CLANG_ENABLE_OBJC_ARC = YES;
				CLANG_ENABLE_OBJC_WEAK = YES;
				CLANG_WARN_BLOCK_CAPTURE_AUTORELEASING = YES;
				CLANG_WARN_BOOL_CONVERSION = YES;
				CLANG_WARN_COMMA = YES;
				CLANG_WARN_CONSTANT_CONVERSION = YES;
				CLANG_WARN_DEPRECATED_OBJC_IMPLEMENTATIONS = YES;
				CLANG_WARN_DIRECT_OBJC_ISA_USAGE = YES_ERROR;
				CLANG_WARN_DOCUMENTATION_COMMENTS = YES;
				CLANG_WARN_EMPTY_BODY = YES;
				CLANG_WARN_ENUM_CONVERSION = YES;
				CLANG_WARN_INFINITE_RECURSION = YES;
				CLANG_WARN_INT_CONVERSION = YES;
				CLANG_WARN_NON_LITERAL_NULL_CONVERSION = YES;
				CLANG_WARN_OBJC_IMPLICIT_RETAIN_SELF = YES;
				CLANG_WARN_OBJC_LITERAL_CONVERSION = YES;
				CLANG_WARN_OBJC_ROOT_CLASS = YES_ERROR;
				CLANG_WARN_RANGE_LOOP_ANALYSIS = YES;
				CLANG_WARN_STRICT_PROTOTYPES = YES;
				CLANG_WARN_SUSPICIOUS_MOVE = YES;
				CLANG_WARN_UNGUARDED_AVAILABILITY = YES_AGGRESSIVE;
				CLANG_WARN_UNREACHABLE_CODE = YES;
				CLANG_WARN__DUPLICATE_METHOD_MATCH = YES;
				CODE_SIGN_IDENTITY = "iPhone Developer";
				COPY_PHASE_STRIP = NO;
				DEBUG_INFORMATION_FORMAT = "dwarf-with-dsym";
				ENABLE_NS_ASSERTIONS = NO;
				ENABLE_STRICT_OBJC_MSGSEND = YES;
				GCC_C_LANGUAGE_STANDARD = gnu11;
				GCC_NO_COMMON_BLOCKS = YES;
				GCC_WARN_64_TO_32_BIT_CONVERSION = YES;
				GCC_WARN_ABOUT_RETURN_TYPE = YES_ERROR;
				GCC_WARN_UNDECLARED_SELECTOR = YES;
				GCC_WARN_UNINITIALIZED_AUTOS = YES_AGGRESSIVE;
				GCC_WARN_UNUSED_FUNCTION = YES;
				GCC_WARN_UNUSED_VARIABLE = YES;
				IPHONEOS_DEPLOYMENT_TARGET = 11.0;
				MTL_ENABLE_DEBUG_INFO = NO;
				MTL_FAST_MATH = YES;
				SDKROOT = iphoneos;
				SWIFT_COMPILATION_MODE = wholemodule;
				SWIFT_OPTIMIZATION_LEVEL = "-O";
				VALIDATE_PRODUCT = YES;
			};
			name = Release;
		};
		3621773B22B26EAF0047FF5B /* Debug */ = {
			isa = XCBuildConfiguration;
			baseConfigurationReference = CB6B6620EA0293EBDFD5D036 /* Pods-buttonSegmented.debug.xcconfig */;
			buildSettings = {
				ASSETCATALOG_COMPILER_APPICON_NAME = AppIcon;
				CODE_SIGN_STYLE = Automatic;
				DEVELOPMENT_TEAM = NQ9EJGE9J9;
				INFOPLIST_FILE = buttonSegmented/Info.plist;
				IPHONEOS_DEPLOYMENT_TARGET = 11.0;
				LD_RUNPATH_SEARCH_PATHS = (
					"$(inherited)",
					"@executable_path/Frameworks",
				);
				PRODUCT_BUNDLE_IDENTIFIER = com.sonmez.buttonSegmented;
				PRODUCT_NAME = "$(TARGET_NAME)";
				SWIFT_VERSION = 5.0;
				TARGETED_DEVICE_FAMILY = "1,2";
			};
			name = Debug;
		};
		3621773C22B26EAF0047FF5B /* Release */ = {
			isa = XCBuildConfiguration;
			baseConfigurationReference = 72B3D13DFADFAD0E147E04BA /* Pods-buttonSegmented.release.xcconfig */;
			buildSettings = {
				ASSETCATALOG_COMPILER_APPICON_NAME = AppIcon;
				CODE_SIGN_STYLE = Automatic;
				DEVELOPMENT_TEAM = NQ9EJGE9J9;
				INFOPLIST_FILE = buttonSegmented/Info.plist;
				IPHONEOS_DEPLOYMENT_TARGET = 11.0;
				LD_RUNPATH_SEARCH_PATHS = (
					"$(inherited)",
					"@executable_path/Frameworks",
				);
				PRODUCT_BUNDLE_IDENTIFIER = com.sonmez.buttonSegmented;
				PRODUCT_NAME = "$(TARGET_NAME)";
				SWIFT_VERSION = 5.0;
				TARGETED_DEVICE_FAMILY = "1,2";
			};
			name = Release;
		};
/* End XCBuildConfiguration section */

/* Begin XCConfigurationList section */
		3621772322B26EAE0047FF5B /* Build configuration list for PBXProject "buttonSegmented" */ = {
			isa = XCConfigurationList;
			buildConfigurations = (
				3621773822B26EAF0047FF5B /* Debug */,
				3621773922B26EAF0047FF5B /* Release */,
			);
			defaultConfigurationIsVisible = 0;
			defaultConfigurationName = Release;
		};
		3621773A22B26EAF0047FF5B /* Build configuration list for PBXNativeTarget "buttonSegmented" */ = {
			isa = XCConfigurationList;
			buildConfigurations = (
				3621773B22B26EAF0047FF5B /* Debug */,
				3621773C22B26EAF0047FF5B /* Release */,
			);
			defaultConfigurationIsVisible = 0;
			defaultConfigurationName = Release;
		};
/* End XCConfigurationList section */
	};
	rootObject = 3621772022B26EAE0047FF5B /* Project object */;
}
